// !$*UTF8*$!
{
	archiveVersion = 1;
	classes = {
	};
	objectVersion = 46;
	objects = {

/* Begin PBXBuildFile section */
		20BD7088EFB3F1AE0BA33CDF /* Pods_iMessage.framework in Frameworks */ = {isa = PBXBuildFile; fileRef = E14F3BD786B8F1113B577B34 /* Pods_iMessage.framework */; };
		270001B51E9990B700FBD039 /* AppDelegate.swift in Sources */ = {isa = PBXBuildFile; fileRef = 270001B41E9990B700FBD039 /* AppDelegate.swift */; };
		270001B71E9990B700FBD039 /* MessagesController.swift in Sources */ = {isa = PBXBuildFile; fileRef = 270001B61E9990B700FBD039 /* MessagesController.swift */; };
		270001BA1E9990B700FBD039 /* Main.storyboard in Resources */ = {isa = PBXBuildFile; fileRef = 270001B81E9990B700FBD039 /* Main.storyboard */; };
		270001BC1E9990B700FBD039 /* Assets.xcassets in Resources */ = {isa = PBXBuildFile; fileRef = 270001BB1E9990B700FBD039 /* Assets.xcassets */; };
		270001BF1E9990B700FBD039 /* LaunchScreen.storyboard in Resources */ = {isa = PBXBuildFile; fileRef = 270001BD1E9990B700FBD039 /* LaunchScreen.storyboard */; };
		270001CA1E9990B800FBD039 /* iMessageTests.swift in Sources */ = {isa = PBXBuildFile; fileRef = 270001C91E9990B800FBD039 /* iMessageTests.swift */; };
		270001D51E9990B800FBD039 /* iMessageUITests.swift in Sources */ = {isa = PBXBuildFile; fileRef = 270001D41E9990B800FBD039 /* iMessageUITests.swift */; };
		270001E31E99A87D00FBD039 /* GoogleService-Info.plist in Resources */ = {isa = PBXBuildFile; fileRef = 270001E21E99A87D00FBD039 /* GoogleService-Info.plist */; };
		270001E61E9A995300FBD039 /* LoginController.swift in Sources */ = {isa = PBXBuildFile; fileRef = 270001E51E9A995300FBD039 /* LoginController.swift */; };
		270001E81E9AFB0E00FBD039 /* NewMessageController.swift in Sources */ = {isa = PBXBuildFile; fileRef = 270001E71E9AFB0E00FBD039 /* NewMessageController.swift */; };
		270001EB1E9BB69A00FBD039 /* User.swift in Sources */ = {isa = PBXBuildFile; fileRef = 270001EA1E9BB69900FBD039 /* User.swift */; };
		270001ED1E9C5E9C00FBD039 /* LoginHandler.swift in Sources */ = {isa = PBXBuildFile; fileRef = 270001EC1E9C5E9C00FBD039 /* LoginHandler.swift */; };
		7686D62D1E7A17A862E487B5 /* Pods_iMessageUITests.framework in Frameworks */ = {isa = PBXBuildFile; fileRef = 4B9FBFE3F11B96EB022A7068 /* Pods_iMessageUITests.framework */; };
		E6F14ACA1C225AF88E5BAAE5 /* Pods_iMessageTests.framework in Frameworks */ = {isa = PBXBuildFile; fileRef = 065E3926B5CA64DE2A7245BA /* Pods_iMessageTests.framework */; };
/* End PBXBuildFile section */

/* Begin PBXContainerItemProxy section */
		270001C61E9990B800FBD039 /* PBXContainerItemProxy */ = {
			isa = PBXContainerItemProxy;
			containerPortal = 270001A91E9990B700FBD039 /* Project object */;
			proxyType = 1;
			remoteGlobalIDString = 270001B01E9990B700FBD039;
			remoteInfo = iMessage;
		};
		270001D11E9990B800FBD039 /* PBXContainerItemProxy */ = {
			isa = PBXContainerItemProxy;
			containerPortal = 270001A91E9990B700FBD039 /* Project object */;
			proxyType = 1;
			remoteGlobalIDString = 270001B01E9990B700FBD039;
			remoteInfo = iMessage;
		};
/* End PBXContainerItemProxy section */

/* Begin PBXFileReference section */
		065E3926B5CA64DE2A7245BA /* Pods_iMessageTests.framework */ = {isa = PBXFileReference; explicitFileType = wrapper.framework; includeInIndex = 0; path = Pods_iMessageTests.framework; sourceTree = BUILT_PRODUCTS_DIR; };
		18194AE9BDADAE23311A9571 /* Pods-iMessageUITests.debug.xcconfig */ = {isa = PBXFileReference; includeInIndex = 1; lastKnownFileType = text.xcconfig; name = "Pods-iMessageUITests.debug.xcconfig"; path = "Pods/Target Support Files/Pods-iMessageUITests/Pods-iMessageUITests.debug.xcconfig"; sourceTree = "<group>"; };
		270001B11E9990B700FBD039 /* iMessage.app */ = {isa = PBXFileReference; explicitFileType = wrapper.application; includeInIndex = 0; path = iMessage.app; sourceTree = BUILT_PRODUCTS_DIR; };
		270001B41E9990B700FBD039 /* AppDelegate.swift */ = {isa = PBXFileReference; lastKnownFileType = sourcecode.swift; path = AppDelegate.swift; sourceTree = "<group>"; };
		270001B61E9990B700FBD039 /* MessagesController.swift */ = {isa = PBXFileReference; lastKnownFileType = sourcecode.swift; path = MessagesController.swift; sourceTree = "<group>"; };
		270001B91E9990B700FBD039 /* Base */ = {isa = PBXFileReference; lastKnownFileType = file.storyboard; name = Base; path = Base.lproj/Main.storyboard; sourceTree = "<group>"; };
		270001BB1E9990B700FBD039 /* Assets.xcassets */ = {isa = PBXFileReference; lastKnownFileType = folder.assetcatalog; path = Assets.xcassets; sourceTree = "<group>"; };
		270001BE1E9990B700FBD039 /* Base */ = {isa = PBXFileReference; lastKnownFileType = file.storyboard; name = Base; path = Base.lproj/LaunchScreen.storyboard; sourceTree = "<group>"; };
		270001C01E9990B700FBD039 /* Info.plist */ = {isa = PBXFileReference; lastKnownFileType = text.plist.xml; path = Info.plist; sourceTree = "<group>"; };
		270001C51E9990B800FBD039 /* iMessageTests.xctest */ = {isa = PBXFileReference; explicitFileType = wrapper.cfbundle; includeInIndex = 0; path = iMessageTests.xctest; sourceTree = BUILT_PRODUCTS_DIR; };
		270001C91E9990B800FBD039 /* iMessageTests.swift */ = {isa = PBXFileReference; lastKnownFileType = sourcecode.swift; path = iMessageTests.swift; sourceTree = "<group>"; };
		270001CB1E9990B800FBD039 /* Info.plist */ = {isa = PBXFileReference; lastKnownFileType = text.plist.xml; path = Info.plist; sourceTree = "<group>"; };
		270001D01E9990B800FBD039 /* iMessageUITests.xctest */ = {isa = PBXFileReference; explicitFileType = wrapper.cfbundle; includeInIndex = 0; path = iMessageUITests.xctest; sourceTree = BUILT_PRODUCTS_DIR; };
		270001D41E9990B800FBD039 /* iMessageUITests.swift */ = {isa = PBXFileReference; lastKnownFileType = sourcecode.swift; path = iMessageUITests.swift; sourceTree = "<group>"; };
		270001D61E9990B800FBD039 /* Info.plist */ = {isa = PBXFileReference; lastKnownFileType = text.plist.xml; path = Info.plist; sourceTree = "<group>"; };
		270001E21E99A87D00FBD039 /* GoogleService-Info.plist */ = {isa = PBXFileReference; fileEncoding = 4; lastKnownFileType = text.plist.xml; path = "GoogleService-Info.plist"; sourceTree = "<group>"; };
		270001E51E9A995300FBD039 /* LoginController.swift */ = {isa = PBXFileReference; fileEncoding = 4; lastKnownFileType = sourcecode.swift; path = LoginController.swift; sourceTree = "<group>"; };
		270001E71E9AFB0E00FBD039 /* NewMessageController.swift */ = {isa = PBXFileReference; fileEncoding = 4; lastKnownFileType = sourcecode.swift; path = NewMessageController.swift; sourceTree = "<group>"; };
		270001EA1E9BB69900FBD039 /* User.swift */ = {isa = PBXFileReference; fileEncoding = 4; lastKnownFileType = sourcecode.swift; path = User.swift; sourceTree = "<group>"; };
		270001EC1E9C5E9C00FBD039 /* LoginHandler.swift */ = {isa = PBXFileReference; fileEncoding = 4; lastKnownFileType = sourcecode.swift; path = LoginHandler.swift; sourceTree = "<group>"; };
		449F49563474D613AA40E2F7 /* Pods-iMessageTests.debug.xcconfig */ = {isa = PBXFileReference; includeInIndex = 1; lastKnownFileType = text.xcconfig; name = "Pods-iMessageTests.debug.xcconfig"; path = "Pods/Target Support Files/Pods-iMessageTests/Pods-iMessageTests.debug.xcconfig"; sourceTree = "<group>"; };
		4B429F1ED291A3B36CC3A7F9 /* Pods-iMessageUITests.release.xcconfig */ = {isa = PBXFileReference; includeInIndex = 1; lastKnownFileType = text.xcconfig; name = "Pods-iMessageUITests.release.xcconfig"; path = "Pods/Target Support Files/Pods-iMessageUITests/Pods-iMessageUITests.release.xcconfig"; sourceTree = "<group>"; };
		4B9FBFE3F11B96EB022A7068 /* Pods_iMessageUITests.framework */ = {isa = PBXFileReference; explicitFileType = wrapper.framework; includeInIndex = 0; path = Pods_iMessageUITests.framework; sourceTree = BUILT_PRODUCTS_DIR; };
		CD2FC61EE0A9008519EA8550 /* Pods-iMessage.release.xcconfig */ = {isa = PBXFileReference; includeInIndex = 1; lastKnownFileType = text.xcconfig; name = "Pods-iMessage.release.xcconfig"; path = "Pods/Target Support Files/Pods-iMessage/Pods-iMessage.release.xcconfig"; sourceTree = "<group>"; };
		E14F3BD786B8F1113B577B34 /* Pods_iMessage.framework */ = {isa = PBXFileReference; explicitFileType = wrapper.framework; includeInIndex = 0; path = Pods_iMessage.framework; sourceTree = BUILT_PRODUCTS_DIR; };
		F98B3B6721C090CAB0F64CC4 /* Pods-iMessageTests.release.xcconfig */ = {isa = PBXFileReference; includeInIndex = 1; lastKnownFileType = text.xcconfig; name = "Pods-iMessageTests.release.xcconfig"; path = "Pods/Target Support Files/Pods-iMessageTests/Pods-iMessageTests.release.xcconfig"; sourceTree = "<group>"; };
		F9CB0F4AAB98302AF0E59356 /* Pods-iMessage.debug.xcconfig */ = {isa = PBXFileReference; includeInIndex = 1; lastKnownFileType = text.xcconfig; name = "Pods-iMessage.debug.xcconfig"; path = "Pods/Target Support Files/Pods-iMessage/Pods-iMessage.debug.xcconfig"; sourceTree = "<group>"; };
/* End PBXFileReference section */

/* Begin PBXFrameworksBuildPhase section */
		270001AE1E9990B700FBD039 /* Frameworks */ = {
			isa = PBXFrameworksBuildPhase;
			buildActionMask = 2147483647;
			files = (
				20BD7088EFB3F1AE0BA33CDF /* Pods_iMessage.framework in Frameworks */,
			);
			runOnlyForDeploymentPostprocessing = 0;
		};
		270001C21E9990B800FBD039 /* Frameworks */ = {
			isa = PBXFrameworksBuildPhase;
			buildActionMask = 2147483647;
			files = (
				E6F14ACA1C225AF88E5BAAE5 /* Pods_iMessageTests.framework in Frameworks */,
			);
			runOnlyForDeploymentPostprocessing = 0;
		};
		270001CD1E9990B800FBD039 /* Frameworks */ = {
			isa = PBXFrameworksBuildPhase;
			buildActionMask = 2147483647;
			files = (
				7686D62D1E7A17A862E487B5 /* Pods_iMessageUITests.framework in Frameworks */,
			);
			runOnlyForDeploymentPostprocessing = 0;
		};
/* End PBXFrameworksBuildPhase section */

/* Begin PBXGroup section */
		270001A81E9990B700FBD039 = {
			isa = PBXGroup;
			children = (
				270001B31E9990B700FBD039 /* iMessage */,
				270001C81E9990B800FBD039 /* iMessageTests */,
				270001D31E9990B800FBD039 /* iMessageUITests */,
				270001B21E9990B700FBD039 /* Products */,
				7E5A85D97CD98A539CBBA631 /* Pods */,
				5940BC84AF328095B6615176 /* Frameworks */,
			);
			sourceTree = "<group>";
		};
		270001B21E9990B700FBD039 /* Products */ = {
			isa = PBXGroup;
			children = (
				270001B11E9990B700FBD039 /* iMessage.app */,
				270001C51E9990B800FBD039 /* iMessageTests.xctest */,
				270001D01E9990B800FBD039 /* iMessageUITests.xctest */,
			);
			name = Products;
			sourceTree = "<group>";
		};
		270001B31E9990B700FBD039 /* iMessage */ = {
			isa = PBXGroup;
			children = (
				270001E91E9BB66600FBD039 /* Model */,
				270001E41E9A992F00FBD039 /* Controller */,
				270001B81E9990B700FBD039 /* Main.storyboard */,
				270001BB1E9990B700FBD039 /* Assets.xcassets */,
				270001BD1E9990B700FBD039 /* LaunchScreen.storyboard */,
				270001B41E9990B700FBD039 /* AppDelegate.swift */,
				270001C01E9990B700FBD039 /* Info.plist */,
				270001E21E99A87D00FBD039 /* GoogleService-Info.plist */,
			);
			path = iMessage;
			sourceTree = "<group>";
		};
		270001C81E9990B800FBD039 /* iMessageTests */ = {
			isa = PBXGroup;
			children = (
				270001C91E9990B800FBD039 /* iMessageTests.swift */,
				270001CB1E9990B800FBD039 /* Info.plist */,
			);
			path = iMessageTests;
			sourceTree = "<group>";
		};
		270001D31E9990B800FBD039 /* iMessageUITests */ = {
			isa = PBXGroup;
			children = (
				270001D41E9990B800FBD039 /* iMessageUITests.swift */,
				270001D61E9990B800FBD039 /* Info.plist */,
			);
			path = iMessageUITests;
			sourceTree = "<group>";
		};
		270001E41E9A992F00FBD039 /* Controller */ = {
			isa = PBXGroup;
			children = (
				270001E51E9A995300FBD039 /* LoginController.swift */,
				270001B61E9990B700FBD039 /* MessagesController.swift */,
				270001E71E9AFB0E00FBD039 /* NewMessageController.swift */,
				270001EC1E9C5E9C00FBD039 /* LoginHandler.swift */,
			);
			name = Controller;
			sourceTree = "<group>";
		};
		270001E91E9BB66600FBD039 /* Model */ = {
			isa = PBXGroup;
			children = (
				270001EA1E9BB69900FBD039 /* User.swift */,
			);
			name = Model;
			sourceTree = "<group>";
		};
		5940BC84AF328095B6615176 /* Frameworks */ = {
			isa = PBXGroup;
			children = (
				E14F3BD786B8F1113B577B34 /* Pods_iMessage.framework */,
				065E3926B5CA64DE2A7245BA /* Pods_iMessageTests.framework */,
				4B9FBFE3F11B96EB022A7068 /* Pods_iMessageUITests.framework */,
			);
			name = Frameworks;
			sourceTree = "<group>";
		};
		7E5A85D97CD98A539CBBA631 /* Pods */ = {
			isa = PBXGroup;
			children = (
				F9CB0F4AAB98302AF0E59356 /* Pods-iMessage.debug.xcconfig */,
				CD2FC61EE0A9008519EA8550 /* Pods-iMessage.release.xcconfig */,
				449F49563474D613AA40E2F7 /* Pods-iMessageTests.debug.xcconfig */,
				F98B3B6721C090CAB0F64CC4 /* Pods-iMessageTests.release.xcconfig */,
				18194AE9BDADAE23311A9571 /* Pods-iMessageUITests.debug.xcconfig */,
				4B429F1ED291A3B36CC3A7F9 /* Pods-iMessageUITests.release.xcconfig */,
			);
			name = Pods;
			sourceTree = "<group>";
		};
/* End PBXGroup section */

/* Begin PBXNativeTarget section */
		270001B01E9990B700FBD039 /* iMessage */ = {
			isa = PBXNativeTarget;
			buildConfigurationList = 270001D91E9990B800FBD039 /* Build configuration list for PBXNativeTarget "iMessage" */;
			buildPhases = (
				59A1D20CB469EAA96CEFBCA2 /* [CP] Check Pods Manifest.lock */,
				270001AD1E9990B700FBD039 /* Sources */,
				270001AE1E9990B700FBD039 /* Frameworks */,
				270001AF1E9990B700FBD039 /* Resources */,
				11BF7779A9A0344B6A13A8FA /* [CP] Embed Pods Frameworks */,
				EBD8BCA24059CF076FB0F857 /* [CP] Copy Pods Resources */,
			);
			buildRules = (
			);
			dependencies = (
			);
			name = iMessage;
			productName = iMessage;
			productReference = 270001B11E9990B700FBD039 /* iMessage.app */;
			productType = "com.apple.product-type.application";
		};
		270001C41E9990B800FBD039 /* iMessageTests */ = {
			isa = PBXNativeTarget;
			buildConfigurationList = 270001DC1E9990B800FBD039 /* Build configuration list for PBXNativeTarget "iMessageTests" */;
			buildPhases = (
				D474B69ABB5D6B5D5BEBF506 /* [CP] Check Pods Manifest.lock */,
				270001C11E9990B800FBD039 /* Sources */,
				270001C21E9990B800FBD039 /* Frameworks */,
				270001C31E9990B800FBD039 /* Resources */,
				0F9690D565007FEFFB181DA3 /* [CP] Embed Pods Frameworks */,
				4ADA35CF8FF4BF5637CC874D /* [CP] Copy Pods Resources */,
			);
			buildRules = (
			);
			dependencies = (
				270001C71E9990B800FBD039 /* PBXTargetDependency */,
			);
			name = iMessageTests;
			productName = iMessageTests;
			productReference = 270001C51E9990B800FBD039 /* iMessageTests.xctest */;
			productType = "com.apple.product-type.bundle.unit-test";
		};
		270001CF1E9990B800FBD039 /* iMessageUITests */ = {
			isa = PBXNativeTarget;
			buildConfigurationList = 270001DF1E9990B800FBD039 /* Build configuration list for PBXNativeTarget "iMessageUITests" */;
			buildPhases = (
				A9DDE94C9159FD7A5C8107C1 /* [CP] Check Pods Manifest.lock */,
				270001CC1E9990B800FBD039 /* Sources */,
				270001CD1E9990B800FBD039 /* Frameworks */,
				270001CE1E9990B800FBD039 /* Resources */,
				9E18178DF2B9B44F948DC2D5 /* [CP] Embed Pods Frameworks */,
				05B29A0594B47742BBD351A6 /* [CP] Copy Pods Resources */,
			);
			buildRules = (
			);
			dependencies = (
				270001D21E9990B800FBD039 /* PBXTargetDependency */,
			);
			name = iMessageUITests;
			productName = iMessageUITests;
			productReference = 270001D01E9990B800FBD039 /* iMessageUITests.xctest */;
			productType = "com.apple.product-type.bundle.ui-testing";
		};
/* End PBXNativeTarget section */

/* Begin PBXProject section */
		270001A91E9990B700FBD039 /* Project object */ = {
			isa = PBXProject;
			attributes = {
				LastSwiftUpdateCheck = 0820;
				LastUpgradeCheck = 0820;
				ORGANIZATIONNAME = "Mat Schmid";
				TargetAttributes = {
					270001B01E9990B700FBD039 = {
						CreatedOnToolsVersion = 8.2.1;
						DevelopmentTeam = BNS58ZR5ZP;
						ProvisioningStyle = Automatic;
					};
					270001C41E9990B800FBD039 = {
						CreatedOnToolsVersion = 8.2.1;
						DevelopmentTeam = BNS58ZR5ZP;
						ProvisioningStyle = Automatic;
						TestTargetID = 270001B01E9990B700FBD039;
					};
					270001CF1E9990B800FBD039 = {
						CreatedOnToolsVersion = 8.2.1;
						DevelopmentTeam = BNS58ZR5ZP;
						ProvisioningStyle = Automatic;
						TestTargetID = 270001B01E9990B700FBD039;
					};
				};
			};
			buildConfigurationList = 270001AC1E9990B700FBD039 /* Build configuration list for PBXProject "iMessage" */;
			compatibilityVersion = "Xcode 3.2";
			developmentRegion = English;
			hasScannedForEncodings = 0;
			knownRegions = (
				en,
				Base,
			);
			mainGroup = 270001A81E9990B700FBD039;
			productRefGroup = 270001B21E9990B700FBD039 /* Products */;
			projectDirPath = "";
			projectRoot = "";
			targets = (
				270001B01E9990B700FBD039 /* iMessage */,
				270001C41E9990B800FBD039 /* iMessageTests */,
				270001CF1E9990B800FBD039 /* iMessageUITests */,
			);
		};
/* End PBXProject section */

/* Begin PBXResourcesBuildPhase section */
		270001AF1E9990B700FBD039 /* Resources */ = {
			isa = PBXResourcesBuildPhase;
			buildActionMask = 2147483647;
			files = (
				270001BF1E9990B700FBD039 /* LaunchScreen.storyboard in Resources */,
				270001E31E99A87D00FBD039 /* GoogleService-Info.plist in Resources */,
				270001BC1E9990B700FBD039 /* Assets.xcassets in Resources */,
				270001BA1E9990B700FBD039 /* Main.storyboard in Resources */,
			);
			runOnlyForDeploymentPostprocessing = 0;
		};
		270001C31E9990B800FBD039 /* Resources */ = {
			isa = PBXResourcesBuildPhase;
			buildActionMask = 2147483647;
			files = (
			);
			runOnlyForDeploymentPostprocessing = 0;
		};
		270001CE1E9990B800FBD039 /* Resources */ = {
			isa = PBXResourcesBuildPhase;
			buildActionMask = 2147483647;
			files = (
			);
			runOnlyForDeploymentPostprocessing = 0;
		};
/* End PBXResourcesBuildPhase section */

/* Begin PBXShellScriptBuildPhase section */
		05B29A0594B47742BBD351A6 /* [CP] Copy Pods Resources */ = {
			isa = PBXShellScriptBuildPhase;
			buildActionMask = 2147483647;
			files = (
			);
			inputPaths = (
			);
			name = "[CP] Copy Pods Resources";
			outputPaths = (
			);
			runOnlyForDeploymentPostprocessing = 0;
			shellPath = /bin/sh;
			shellScript = "\"${SRCROOT}/Pods/Target Support Files/Pods-iMessageUITests/Pods-iMessageUITests-resources.sh\"\n";
			showEnvVarsInLog = 0;
		};
		0F9690D565007FEFFB181DA3 /* [CP] Embed Pods Frameworks */ = {
			isa = PBXShellScriptBuildPhase;
			buildActionMask = 2147483647;
			files = (
			);
			inputPaths = (
			);
			name = "[CP] Embed Pods Frameworks";
			outputPaths = (
			);
			runOnlyForDeploymentPostprocessing = 0;
			shellPath = /bin/sh;
			shellScript = "\"${SRCROOT}/Pods/Target Support Files/Pods-iMessageTests/Pods-iMessageTests-frameworks.sh\"\n";
			showEnvVarsInLog = 0;
		};
		11BF7779A9A0344B6A13A8FA /* [CP] Embed Pods Frameworks */ = {
			isa = PBXShellScriptBuildPhase;
			buildActionMask = 2147483647;
			files = (
			);
			inputPaths = (
			);
			name = "[CP] Embed Pods Frameworks";
			outputPaths = (
			);
			runOnlyForDeploymentPostprocessing = 0;
			shellPath = /bin/sh;
			shellScript = "\"${SRCROOT}/Pods/Target Support Files/Pods-iMessage/Pods-iMessage-frameworks.sh\"\n";
			showEnvVarsInLog = 0;
		};
		4ADA35CF8FF4BF5637CC874D /* [CP] Copy Pods Resources */ = {
			isa = PBXShellScriptBuildPhase;
			buildActionMask = 2147483647;
			files = (
			);
			inputPaths = (
			);
			name = "[CP] Copy Pods Resources";
			outputPaths = (
			);
			runOnlyForDeploymentPostprocessing = 0;
			shellPath = /bin/sh;
			shellScript = "\"${SRCROOT}/Pods/Target Support Files/Pods-iMessageTests/Pods-iMessageTests-resources.sh\"\n";
			showEnvVarsInLog = 0;
		};
		59A1D20CB469EAA96CEFBCA2 /* [CP] Check Pods Manifest.lock */ = {
			isa = PBXShellScriptBuildPhase;
			buildActionMask = 2147483647;
			files = (
			);
			inputPaths = (
			);
			name = "[CP] Check Pods Manifest.lock";
			outputPaths = (
			);
			runOnlyForDeploymentPostprocessing = 0;
			shellPath = /bin/sh;
			shellScript = "diff \"${PODS_ROOT}/../Podfile.lock\" \"${PODS_ROOT}/Manifest.lock\" > /dev/null\nif [ $? != 0 ] ; then\n    # print error to STDERR\n    echo \"error: The sandbox is not in sync with the Podfile.lock. Run 'pod install' or update your CocoaPods installation.\" >&2\n    exit 1\nfi\n";
			showEnvVarsInLog = 0;
		};
		9E18178DF2B9B44F948DC2D5 /* [CP] Embed Pods Frameworks */ = {
			isa = PBXShellScriptBuildPhase;
			buildActionMask = 2147483647;
			files = (
			);
			inputPaths = (
			);
			name = "[CP] Embed Pods Frameworks";
			outputPaths = (
			);
			runOnlyForDeploymentPostprocessing = 0;
			shellPath = /bin/sh;
			shellScript = "\"${SRCROOT}/Pods/Target Support Files/Pods-iMessageUITests/Pods-iMessageUITests-frameworks.sh\"\n";
			showEnvVarsInLog = 0;
		};
		A9DDE94C9159FD7A5C8107C1 /* [CP] Check Pods Manifest.lock */ = {
			isa = PBXShellScriptBuildPhase;
			buildActionMask = 2147483647;
			files = (
			);
			inputPaths = (
			);
			name = "[CP] Check Pods Manifest.lock";
			outputPaths = (
			);
			runOnlyForDeploymentPostprocessing = 0;
			shellPath = /bin/sh;
			shellScript = "diff \"${PODS_ROOT}/../Podfile.lock\" \"${PODS_ROOT}/Manifest.lock\" > /dev/null\nif [ $? != 0 ] ; then\n    # print error to STDERR\n    echo \"error: The sandbox is not in sync with the Podfile.lock. Run 'pod install' or update your CocoaPods installation.\" >&2\n    exit 1\nfi\n";
			showEnvVarsInLog = 0;
		};
		D474B69ABB5D6B5D5BEBF506 /* [CP] Check Pods Manifest.lock */ = {
			isa = PBXShellScriptBuildPhase;
			buildActionMask = 2147483647;
			files = (
			);
			inputPaths = (
			);
			name = "[CP] Check Pods Manifest.lock";
			outputPaths = (
			);
			runOnlyForDeploymentPostprocessing = 0;
			shellPath = /bin/sh;
			shellScript = "diff \"${PODS_ROOT}/../Podfile.lock\" \"${PODS_ROOT}/Manifest.lock\" > /dev/null\nif [ $? != 0 ] ; then\n    # print error to STDERR\n    echo \"error: The sandbox is not in sync with the Podfile.lock. Run 'pod install' or update your CocoaPods installation.\" >&2\n    exit 1\nfi\n";
			showEnvVarsInLog = 0;
		};
		EBD8BCA24059CF076FB0F857 /* [CP] Copy Pods Resources */ = {
			isa = PBXShellScriptBuildPhase;
			buildActionMask = 2147483647;
			files = (
			);
			inputPaths = (
			);
			name = "[CP] Copy Pods Resources";
			outputPaths = (
			);
			runOnlyForDeploymentPostprocessing = 0;
			shellPath = /bin/sh;
			shellScript = "\"${SRCROOT}/Pods/Target Support Files/Pods-iMessage/Pods-iMessage-resources.sh\"\n";
			showEnvVarsInLog = 0;
		};
/* End PBXShellScriptBuildPhase section */

/* Begin PBXSourcesBuildPhase section */
		270001AD1E9990B700FBD039 /* Sources */ = {
			isa = PBXSourcesBuildPhase;
			buildActionMask = 2147483647;
			files = (
				270001ED1E9C5E9C00FBD039 /* LoginHandler.swift in Sources */,
				270001E81E9AFB0E00FBD039 /* NewMessageController.swift in Sources */,
				270001B71E9990B700FBD039 /* MessagesController.swift in Sources */,
				270001E61E9A995300FBD039 /* LoginController.swift in Sources */,
				270001EB1E9BB69A00FBD039 /* User.swift in Sources */,
				270001B51E9990B700FBD039 /* AppDelegate.swift in Sources */,
			);
			runOnlyForDeploymentPostprocessing = 0;
		};
		270001C11E9990B800FBD039 /* Sources */ = {
			isa = PBXSourcesBuildPhase;
			buildActionMask = 2147483647;
			files = (
				270001CA1E9990B800FBD039 /* iMessageTests.swift in Sources */,
			);
			runOnlyForDeploymentPostprocessing = 0;
		};
		270001CC1E9990B800FBD039 /* Sources */ = {
			isa = PBXSourcesBuildPhase;
			buildActionMask = 2147483647;
			files = (
				270001D51E9990B800FBD039 /* iMessageUITests.swift in Sources */,
			);
			runOnlyForDeploymentPostprocessing = 0;
		};
/* End PBXSourcesBuildPhase section */

/* Begin PBXTargetDependency section */
		270001C71E9990B800FBD039 /* PBXTargetDependency */ = {
			isa = PBXTargetDependency;
			target = 270001B01E9990B700FBD039 /* iMessage */;
			targetProxy = 270001C61E9990B800FBD039 /* PBXContainerItemProxy */;
		};
		270001D21E9990B800FBD039 /* PBXTargetDependency */ = {
			isa = PBXTargetDependency;
			target = 270001B01E9990B700FBD039 /* iMessage */;
			targetProxy = 270001D11E9990B800FBD039 /* PBXContainerItemProxy */;
		};
/* End PBXTargetDependency section */

/* Begin PBXVariantGroup section */
		270001B81E9990B700FBD039 /* Main.storyboard */ = {
			isa = PBXVariantGroup;
			children = (
				270001B91E9990B700FBD039 /* Base */,
			);
			name = Main.storyboard;
			sourceTree = "<group>";
		};
		270001BD1E9990B700FBD039 /* LaunchScreen.storyboard */ = {
			isa = PBXVariantGroup;
			children = (
				270001BE1E9990B700FBD039 /* Base */,
			);
			name = LaunchScreen.storyboard;
			sourceTree = "<group>";
		};
/* End PBXVariantGroup section */

/* Begin XCBuildConfiguration section */
		270001D71E9990B800FBD039 /* Debug */ = {
			isa = XCBuildConfiguration;
			buildSettings = {
				ALWAYS_SEARCH_USER_PATHS = NO;
				CLANG_ANALYZER_NONNULL = YES;
				CLANG_CXX_LANGUAGE_STANDARD = "gnu++0x";
				CLANG_CXX_LIBRARY = "libc++";
				CLANG_ENABLE_MODULES = YES;
				CLANG_ENABLE_OBJC_ARC = YES;
				CLANG_WARN_BOOL_CONVERSION = YES;
				CLANG_WARN_CONSTANT_CONVERSION = YES;
				CLANG_WARN_DIRECT_OBJC_ISA_USAGE = YES_ERROR;
				CLANG_WARN_DOCUMENTATION_COMMENTS = YES;
				CLANG_WARN_EMPTY_BODY = YES;
				CLANG_WARN_ENUM_CONVERSION = YES;
				CLANG_WARN_INFINITE_RECURSION = YES;
				CLANG_WARN_INT_CONVERSION = YES;
				CLANG_WARN_OBJC_ROOT_CLASS = YES_ERROR;
				CLANG_WARN_SUSPICIOUS_MOVE = YES;
				CLANG_WARN_UNREACHABLE_CODE = YES;
				CLANG_WARN__DUPLICATE_METHOD_MATCH = YES;
				"CODE_SIGN_IDENTITY[sdk=iphoneos*]" = "iPhone Developer";
				COPY_PHASE_STRIP = NO;
				DEBUG_INFORMATION_FORMAT = dwarf;
				ENABLE_STRICT_OBJC_MSGSEND = YES;
				ENABLE_TESTABILITY = YES;
				GCC_C_LANGUAGE_STANDARD = gnu99;
				GCC_DYNAMIC_NO_PIC = NO;
				GCC_NO_COMMON_BLOCKS = YES;
				GCC_OPTIMIZATION_LEVEL = 0;
				GCC_PREPROCESSOR_DEFINITIONS = (
					"DEBUG=1",
					"$(inherited)",
				);
				GCC_WARN_64_TO_32_BIT_CONVERSION = YES;
				GCC_WARN_ABOUT_RETURN_TYPE = YES_ERROR;
				GCC_WARN_UNDECLARED_SELECTOR = YES;
				GCC_WARN_UNINITIALIZED_AUTOS = YES_AGGRESSIVE;
				GCC_WARN_UNUSED_FUNCTION = YES;
				GCC_WARN_UNUSED_VARIABLE = YES;
				IPHONEOS_DEPLOYMENT_TARGET = 10.2;
				MTL_ENABLE_DEBUG_INFO = YES;
				ONLY_ACTIVE_ARCH = YES;
				SDKROOT = iphoneos;
				SWIFT_ACTIVE_COMPILATION_CONDITIONS = DEBUG;
				SWIFT_OPTIMIZATION_LEVEL = "-Onone";
				TARGETED_DEVICE_FAMILY = "1,2";
			};
			name = Debug;
		};
		270001D81E9990B800FBD039 /* Release */ = {
			isa = XCBuildConfiguration;
			buildSettings = {
				ALWAYS_SEARCH_USER_PATHS = NO;
				CLANG_ANALYZER_NONNULL = YES;
				CLANG_CXX_LANGUAGE_STANDARD = "gnu++0x";
				CLANG_CXX_LIBRARY = "libc++";
				CLANG_ENABLE_MODULES = YES;
				CLANG_ENABLE_OBJC_ARC = YES;
				CLANG_WARN_BOOL_CONVERSION = YES;
				CLANG_WARN_CONSTANT_CONVERSION = YES;
				CLANG_WARN_DIRECT_OBJC_ISA_USAGE = YES_ERROR;
				CLANG_WARN_DOCUMENTATION_COMMENTS = YES;
				CLANG_WARN_EMPTY_BODY = YES;
				CLANG_WARN_ENUM_CONVERSION = YES;
				CLANG_WARN_INFINITE_RECURSION = YES;
				CLANG_WARN_INT_CONVERSION = YES;
				CLANG_WARN_OBJC_ROOT_CLASS = YES_ERROR;
				CLANG_WARN_SUSPICIOUS_MOVE = YES;
				CLANG_WARN_UNREACHABLE_CODE = YES;
				CLANG_WARN__DUPLICATE_METHOD_MATCH = YES;
				"CODE_SIGN_IDENTITY[sdk=iphoneos*]" = "iPhone Developer";
				COPY_PHASE_STRIP = NO;
				DEBUG_INFORMATION_FORMAT = "dwarf-with-dsym";
				ENABLE_NS_ASSERTIONS = NO;
				ENABLE_STRICT_OBJC_MSGSEND = YES;
				GCC_C_LANGUAGE_STANDARD = gnu99;
				GCC_NO_COMMON_BLOCKS = YES;
				GCC_WARN_64_TO_32_BIT_CONVERSION = YES;
				GCC_WARN_ABOUT_RETURN_TYPE = YES_ERROR;
				GCC_WARN_UNDECLARED_SELECTOR = YES;
				GCC_WARN_UNINITIALIZED_AUTOS = YES_AGGRESSIVE;
				GCC_WARN_UNUSED_FUNCTION = YES;
				GCC_WARN_UNUSED_VARIABLE = YES;
				IPHONEOS_DEPLOYMENT_TARGET = 10.2;
				MTL_ENABLE_DEBUG_INFO = NO;
				SDKROOT = iphoneos;
				SWIFT_OPTIMIZATION_LEVEL = "-Owholemodule";
				TARGETED_DEVICE_FAMILY = "1,2";
				VALIDATE_PRODUCT = YES;
			};
			name = Release;
		};
		270001DA1E9990B800FBD039 /* Debug */ = {
			isa = XCBuildConfiguration;
			baseConfigurationReference = F9CB0F4AAB98302AF0E59356 /* Pods-iMessage.debug.xcconfig */;
			buildSettings = {
				ASSETCATALOG_COMPILER_APPICON_NAME = AppIcon;
				DEVELOPMENT_TEAM = BNS58ZR5ZP;
				INFOPLIST_FILE = iMessage/Info.plist;
				LD_RUNPATH_SEARCH_PATHS = "$(inherited) @executable_path/Frameworks";
				PRODUCT_BUNDLE_IDENTIFIER = com.matschmid.iMessage;
				PRODUCT_NAME = "$(TARGET_NAME)";
				SWIFT_VERSION = 3.0;
			};
			name = Debug;
		};
		270001DB1E9990B800FBD039 /* Release */ = {
			isa = XCBuildConfiguration;
			baseConfigurationReference = CD2FC61EE0A9008519EA8550 /* Pods-iMessage.release.xcconfig */;
			buildSettings = {
				ASSETCATALOG_COMPILER_APPICON_NAME = AppIcon;
				DEVELOPMENT_TEAM = BNS58ZR5ZP;
				INFOPLIST_FILE = iMessage/Info.plist;
				LD_RUNPATH_SEARCH_PATHS = "$(inherited) @executable_path/Frameworks";
				PRODUCT_BUNDLE_IDENTIFIER = com.matschmid.iMessage;
				PRODUCT_NAME = "$(TARGET_NAME)";
				SWIFT_VERSION = 3.0;
			};
			name = Release;
		};
		270001DD1E9990B800FBD039 /* Debug */ = {
			isa = XCBuildConfiguration;
			baseConfigurationReference = 449F49563474D613AA40E2F7 /* Pods-iMessageTests.debug.xcconfig */;
			buildSettings = {
				ALWAYS_EMBED_SWIFT_STANDARD_LIBRARIES = YES;
				BUNDLE_LOADER = "$(TEST_HOST)";
				DEVELOPMENT_TEAM = BNS58ZR5ZP;
				INFOPLIST_FILE = iMessageTests/Info.plist;
				LD_RUNPATH_SEARCH_PATHS = "$(inherited) @executable_path/Frameworks @loader_path/Frameworks";
				PRODUCT_BUNDLE_IDENTIFIER = com.matschmid.iMessageTests;
				PRODUCT_NAME = "$(TARGET_NAME)";
				SWIFT_VERSION = 3.0;
				TEST_HOST = "$(BUILT_PRODUCTS_DIR)/iMessage.app/iMessage";
			};
			name = Debug;
		};
		270001DE1E9990B800FBD039 /* Release */ = {
			isa = XCBuildConfiguration;
			baseConfigurationReference = F98B3B6721C090CAB0F64CC4 /* Pods-iMessageTests.release.xcconfig */;
			buildSettings = {
				ALWAYS_EMBED_SWIFT_STANDARD_LIBRARIES = YES;
				BUNDLE_LOADER = "$(TEST_HOST)";
				DEVELOPMENT_TEAM = BNS58ZR5ZP;
				INFOPLIST_FILE = iMessageTests/Info.plist;
				LD_RUNPATH_SEARCH_PATHS = "$(inherited) @executable_path/Frameworks @loader_path/Frameworks";
				PRODUCT_BUNDLE_IDENTIFIER = com.matschmid.iMessageTests;
				PRODUCT_NAME = "$(TARGET_NAME)";
				SWIFT_VERSION = 3.0;
				TEST_HOST = "$(BUILT_PRODUCTS_DIR)/iMessage.app/iMessage";
			};
			name = Release;
		};
		270001E01E9990B800FBD039 /* Debug */ = {
			isa = XCBuildConfiguration;
			baseConfigurationReference = 18194AE9BDADAE23311A9571 /* Pods-iMessageUITests.debug.xcconfig */;
			buildSettings = {
				ALWAYS_EMBED_SWIFT_STANDARD_LIBRARIES = YES;
				DEVELOPMENT_TEAM = BNS58ZR5ZP;
				INFOPLIST_FILE = iMessageUITests/Info.plist;
				LD_RUNPATH_SEARCH_PATHS = "$(inherited) @executable_path/Frameworks @loader_path/Frameworks";
				PRODUCT_BUNDLE_IDENTIFIER = com.matschmid.iMessageUITests;
				PRODUCT_NAME = "$(TARGET_NAME)";
				SWIFT_VERSION = 3.0;
				TEST_TARGET_NAME = iMessage;
			};
			name = Debug;
		};
		270001E11E9990B800FBD039 /* Release */ = {
			isa = XCBuildConfiguration;
			baseConfigurationReference = 4B429F1ED291A3B36CC3A7F9 /* Pods-iMessageUITests.release.xcconfig */;
			buildSettings = {
				ALWAYS_EMBED_SWIFT_STANDARD_LIBRARIES = YES;
				DEVELOPMENT_TEAM = BNS58ZR5ZP;
				INFOPLIST_FILE = iMessageUITests/Info.plist;
				LD_RUNPATH_SEARCH_PATHS = "$(inherited) @executable_path/Frameworks @loader_path/Frameworks";
				PRODUCT_BUNDLE_IDENTIFIER = com.matschmid.iMessageUITests;
				PRODUCT_NAME = "$(TARGET_NAME)";
				SWIFT_VERSION = 3.0;
				TEST_TARGET_NAME = iMessage;
			};
			name = Release;
		};
/* End XCBuildConfiguration section */

/* Begin XCConfigurationList section */
		270001AC1E9990B700FBD039 /* Build configuration list for PBXProject "iMessage" */ = {
			isa = XCConfigurationList;
			buildConfigurations = (
				270001D71E9990B800FBD039 /* Debug */,
				270001D81E9990B800FBD039 /* Release */,
			);
			defaultConfigurationIsVisible = 0;
			defaultConfigurationName = Release;
		};
		270001D91E9990B800FBD039 /* Build configuration list for PBXNativeTarget "iMessage" */ = {
			isa = XCConfigurationList;
			buildConfigurations = (
				270001DA1E9990B800FBD039 /* Debug */,
				270001DB1E9990B800FBD039 /* Release */,
			);
			defaultConfigurationIsVisible = 0;
			defaultConfigurationName = Release;
		};
		270001DC1E9990B800FBD039 /* Build configuration list for PBXNativeTarget "iMessageTests" */ = {
			isa = XCConfigurationList;
			buildConfigurations = (
				270001DD1E9990B800FBD039 /* Debug */,
				270001DE1E9990B800FBD039 /* Release */,
			);
			defaultConfigurationIsVisible = 0;
			defaultConfigurationName = Release;
		};
		270001DF1E9990B800FBD039 /* Build configuration list for PBXNativeTarget "iMessageUITests" */ = {
			isa = XCConfigurationList;
			buildConfigurations = (
				270001E01E9990B800FBD039 /* Debug */,
				270001E11E9990B800FBD039 /* Release */,
			);
			defaultConfigurationIsVisible = 0;
			defaultConfigurationName = Release;
		};
/* End XCConfigurationList section */
	};
	rootObject = 270001A91E9990B700FBD039 /* Project object */;
}
